// !$*UTF8*$!
{
	archiveVersion = 1;
	classes = {
	};
	objectVersion = 50;
	objects = {

/* Begin PBXBuildFile section */
		468B0EAE24F8F2160039FDBB /* Disposable.h in Headers */ = {isa = PBXBuildFile; fileRef = 468B0EAC24F8F2160039FDBB /* Disposable.h */; settings = {ATTRIBUTES = (Public, ); }; };
		468B0EB524F8F2760039FDBB /* Disposable.swift in Sources */ = {isa = PBXBuildFile; fileRef = 468B0EB424F8F2760039FDBB /* Disposable.swift */; };
		468B0EB724F8F6A80039FDBB /* Atomic.swift in Sources */ = {isa = PBXBuildFile; fileRef = 468B0EB624F8F6A80039FDBB /* Atomic.swift */; };
		468B0EB924F8FBB40039FDBB /* CompoundDisposable.swift in Sources */ = {isa = PBXBuildFile; fileRef = 468B0EB824F8FBB40039FDBB /* CompoundDisposable.swift */; };
		468B0EBB24F905400039FDBB /* ScopedDisposable.swift in Sources */ = {isa = PBXBuildFile; fileRef = 468B0EBA24F905400039FDBB /* ScopedDisposable.swift */; };
		468B0EBD24F916B10039FDBB /* SerialDisposable.swift in Sources */ = {isa = PBXBuildFile; fileRef = 468B0EBC24F916B10039FDBB /* SerialDisposable.swift */; };
		C903D04524FB709A007166A2 /* NonDisposable.swift in Sources */ = {isa = PBXBuildFile; fileRef = C903D04424FB709A007166A2 /* NonDisposable.swift */; };
/* End PBXBuildFile section */

/* Begin PBXFileReference section */
		468B0EA924F8F2160039FDBB /* Disposable.framework */ = {isa = PBXFileReference; explicitFileType = wrapper.framework; includeInIndex = 0; path = Disposable.framework; sourceTree = BUILT_PRODUCTS_DIR; };
		468B0EAC24F8F2160039FDBB /* Disposable.h */ = {isa = PBXFileReference; lastKnownFileType = sourcecode.c.h; path = Disposable.h; sourceTree = "<group>"; };
		468B0EAD24F8F2160039FDBB /* Info.plist */ = {isa = PBXFileReference; lastKnownFileType = text.plist.xml; path = Info.plist; sourceTree = "<group>"; };
		468B0EB424F8F2760039FDBB /* Disposable.swift */ = {isa = PBXFileReference; lastKnownFileType = sourcecode.swift; path = Disposable.swift; sourceTree = "<group>"; };
		468B0EB624F8F6A80039FDBB /* Atomic.swift */ = {isa = PBXFileReference; lastKnownFileType = sourcecode.swift; path = Atomic.swift; sourceTree = "<group>"; };
		468B0EB824F8FBB40039FDBB /* CompoundDisposable.swift */ = {isa = PBXFileReference; lastKnownFileType = sourcecode.swift; path = CompoundDisposable.swift; sourceTree = "<group>"; };
		468B0EBA24F905400039FDBB /* ScopedDisposable.swift */ = {isa = PBXFileReference; lastKnownFileType = sourcecode.swift; path = ScopedDisposable.swift; sourceTree = "<group>"; };
		468B0EBC24F916B10039FDBB /* SerialDisposable.swift */ = {isa = PBXFileReference; lastKnownFileType = sourcecode.swift; path = SerialDisposable.swift; sourceTree = "<group>"; };
		C903D04424FB709A007166A2 /* NonDisposable.swift */ = {isa = PBXFileReference; lastKnownFileType = sourcecode.swift; path = NonDisposable.swift; sourceTree = "<group>"; };
/* End PBXFileReference section */

/* Begin PBXFrameworksBuildPhase section */
		468B0EA624F8F2160039FDBB /* Frameworks */ = {
			isa = PBXFrameworksBuildPhase;
			buildActionMask = 2147483647;
			files = (
			);
			runOnlyForDeploymentPostprocessing = 0;
		};
/* End PBXFrameworksBuildPhase section */

/* Begin PBXGroup section */
		468B0E9F24F8F2160039FDBB = {
			isa = PBXGroup;
			children = (
				468B0EAB24F8F2160039FDBB /* Disposable */,
				468B0EAA24F8F2160039FDBB /* Products */,
			);
			sourceTree = "<group>";
		};
		468B0EAA24F8F2160039FDBB /* Products */ = {
			isa = PBXGroup;
			children = (
				468B0EA924F8F2160039FDBB /* Disposable.framework */,
			);
			name = Products;
			sourceTree = "<group>";
		};
		468B0EAB24F8F2160039FDBB /* Disposable */ = {
			isa = PBXGroup;
			children = (
				468B0EAC24F8F2160039FDBB /* Disposable.h */,
				468B0EB424F8F2760039FDBB /* Disposable.swift */,
				468B0EB824F8FBB40039FDBB /* CompoundDisposable.swift */,
				468B0EBA24F905400039FDBB /* ScopedDisposable.swift */,
				468B0EBC24F916B10039FDBB /* SerialDisposable.swift */,
				C903D04424FB709A007166A2 /* NonDisposable.swift */,
				468B0EB624F8F6A80039FDBB /* Atomic.swift */,
				468B0EAD24F8F2160039FDBB /* Info.plist */,
			);
			path = Disposable;
			sourceTree = "<group>";
		};
/* End PBXGroup section */

/* Begin PBXHeadersBuildPhase section */
		468B0EA424F8F2160039FDBB /* Headers */ = {
			isa = PBXHeadersBuildPhase;
			buildActionMask = 2147483647;
			files = (
				468B0EAE24F8F2160039FDBB /* Disposable.h in Headers */,
			);
			runOnlyForDeploymentPostprocessing = 0;
		};
/* End PBXHeadersBuildPhase section */

/* Begin PBXNativeTarget section */
		468B0EA824F8F2160039FDBB /* Disposable */ = {
			isa = PBXNativeTarget;
			buildConfigurationList = 468B0EB124F8F2160039FDBB /* Build configuration list for PBXNativeTarget "Disposable" */;
			buildPhases = (
				468B0EA424F8F2160039FDBB /* Headers */,
				468B0EA524F8F2160039FDBB /* Sources */,
				468B0EA624F8F2160039FDBB /* Frameworks */,
				468B0EA724F8F2160039FDBB /* Resources */,
			);
			buildRules = (
			);
			dependencies = (
			);
			name = Disposable;
			productName = Disposable;
			productReference = 468B0EA924F8F2160039FDBB /* Disposable.framework */;
			productType = "com.apple.product-type.framework";
		};
/* End PBXNativeTarget section */

/* Begin PBXProject section */
		468B0EA024F8F2160039FDBB /* Project object */ = {
			isa = PBXProject;
			attributes = {
				LastUpgradeCheck = 1160;
				ORGANIZATIONNAME = GodL;
				TargetAttributes = {
					468B0EA824F8F2160039FDBB = {
						CreatedOnToolsVersion = 11.6;
						LastSwiftMigration = 1160;
					};
				};
			};
			buildConfigurationList = 468B0EA324F8F2160039FDBB /* Build configuration list for PBXProject "Disposable" */;
			compatibilityVersion = "Xcode 9.3";
			developmentRegion = en;
			hasScannedForEncodings = 0;
			knownRegions = (
				en,
				Base,
			);
			mainGroup = 468B0E9F24F8F2160039FDBB;
			productRefGroup = 468B0EAA24F8F2160039FDBB /* Products */;
			projectDirPath = "";
			projectRoot = "";
			targets = (
				468B0EA824F8F2160039FDBB /* Disposable */,
			);
		};
/* End PBXProject section */

/* Begin PBXResourcesBuildPhase section */
		468B0EA724F8F2160039FDBB /* Resources */ = {
			isa = PBXResourcesBuildPhase;
			buildActionMask = 2147483647;
			files = (
			);
			runOnlyForDeploymentPostprocessing = 0;
		};
/* End PBXResourcesBuildPhase section */

/* Begin PBXSourcesBuildPhase section */
		468B0EA524F8F2160039FDBB /* Sources */ = {
			isa = PBXSourcesBuildPhase;
			buildActionMask = 2147483647;
			files = (
				468B0EB724F8F6A80039FDBB /* Atomic.swift in Sources */,
				C903D04524FB709A007166A2 /* NonDisposable.swift in Sources */,
				468B0EBB24F905400039FDBB /* ScopedDisposable.swift in Sources */,
				468B0EB924F8FBB40039FDBB /* CompoundDisposable.swift in Sources */,
				468B0EB524F8F2760039FDBB /* Disposable.swift in Sources */,
				468B0EBD24F916B10039FDBB /* SerialDisposable.swift in Sources */,
			);
			runOnlyForDeploymentPostprocessing = 0;
		};
/* End PBXSourcesBuildPhase section */

/* Begin XCBuildConfiguration section */
		468B0EAF24F8F2160039FDBB /* Debug */ = {
			isa = XCBuildConfiguration;
			buildSettings = {
				ALWAYS_SEARCH_USER_PATHS = NO;
				CLANG_ANALYZER_NONNULL = YES;
				CLANG_ANALYZER_NUMBER_OBJECT_CONVERSION = YES_AGGRESSIVE;
				CLANG_CXX_LANGUAGE_STANDARD = "gnu++14";
				CLANG_CXX_LIBRARY = "libc++";
				CLANG_ENABLE_MODULES = YES;
				CLANG_ENABLE_OBJC_ARC = YES;
				CLANG_ENABLE_OBJC_WEAK = YES;
				CLANG_WARN_BLOCK_CAPTURE_AUTORELEASING = YES;
				CLANG_WARN_BOOL_CONVERSION = YES;
				CLANG_WARN_COMMA = YES;
				CLANG_WARN_CONSTANT_CONVERSION = YES;
				CLANG_WARN_DEPRECATED_OBJC_IMPLEMENTATIONS = YES;
				CLANG_WARN_DIRECT_OBJC_ISA_USAGE = YES_ERROR;
				CLANG_WARN_DOCUMENTATION_COMMENTS = YES;
				CLANG_WARN_EMPTY_BODY = YES;
				CLANG_WARN_ENUM_CONVERSION = YES;
				CLANG_WARN_INFINITE_RECURSION = YES;
				CLANG_WARN_INT_CONVERSION = YES;
				CLANG_WARN_NON_LITERAL_NULL_CONVERSION = YES;
				CLANG_WARN_OBJC_IMPLICIT_RETAIN_SELF = YES;
				CLANG_WARN_OBJC_LITERAL_CONVERSION = YES;
				CLANG_WARN_OBJC_ROOT_CLASS = YES_ERROR;
				CLANG_WARN_RANGE_LOOP_ANALYSIS = YES;
				CLANG_WARN_STRICT_PROTOTYPES = YES;
				CLANG_WARN_SUSPICIOUS_MOVE = YES;
				CLANG_WARN_UNGUARDED_AVAILABILITY = YES_AGGRESSIVE;
				CLANG_WARN_UNREACHABLE_CODE = YES;
				CLANG_WARN__DUPLICATE_METHOD_MATCH = YES;
				COPY_PHASE_STRIP = NO;
				CURRENT_PROJECT_VERSION = 1;
				DEBUG_INFORMATION_FORMAT = dwarf;
				ENABLE_STRICT_OBJC_MSGSEND = YES;
				ENABLE_TESTABILITY = YES;
				GCC_C_LANGUAGE_STANDARD = gnu11;
				GCC_DYNAMIC_NO_PIC = NO;
				GCC_NO_COMMON_BLOCKS = YES;
				GCC_OPTIMIZATION_LEVEL = 0;
				GCC_PREPROCESSOR_DEFINITIONS = (
					"DEBUG=1",
					"$(inherited)",
				);
				GCC_WARN_64_TO_32_BIT_CONVERSION = YES;
				GCC_WARN_ABOUT_RETURN_TYPE = YES_ERROR;
				GCC_WARN_UNDECLARED_SELECTOR = YES;
				GCC_WARN_UNINITIALIZED_AUTOS = YES_AGGRESSIVE;
				GCC_WARN_UNUSED_FUNCTION = YES;
				GCC_WARN_UNUSED_VARIABLE = YES;
				IPHONEOS_DEPLOYMENT_TARGET = 13.6;
				MTL_ENABLE_DEBUG_INFO = INCLUDE_SOURCE;
				MTL_FAST_MATH = YES;
				ONLY_ACTIVE_ARCH = YES;
				SDKROOT = iphoneos;
				SWIFT_ACTIVE_COMPILATION_CONDITIONS = DEBUG;
				SWIFT_OPTIMIZATION_LEVEL = "-Onone";
				VERSIONING_SYSTEM = "apple-generic";
				VERSION_INFO_PREFIX = "";
			};
			name = Debug;
		};
		468B0EB024F8F2160039FDBB /* Release */ = {
			isa = XCBuildConfiguration;
			buildSettings = {
				ALWAYS_SEARCH_USER_PATHS = NO;
				CLANG_ANALYZER_NONNULL = YES;
				CLANG_ANALYZER_NUMBER_OBJECT_CONVERSION = YES_AGGRESSIVE;
				CLANG_CXX_LANGUAGE_STANDARD = "gnu++14";
				CLANG_CXX_LIBRARY = "libc++";
				CLANG_ENABLE_MODULES = YES;
				CLANG_ENABLE_OBJC_ARC = YES;
				CLANG_ENABLE_OBJC_WEAK = YES;
				CLANG_WARN_BLOCK_CAPTURE_AUTORELEASING = YES;
				CLANG_WARN_BOOL_CONVERSION = YES;
				CLANG_WARN_COMMA = YES;
				CLANG_WARN_CONSTANT_CONVERSION = YES;
				CLANG_WARN_DEPRECATED_OBJC_IMPLEMENTATIONS = YES;
				CLANG_WARN_DIRECT_OBJC_ISA_USAGE = YES_ERROR;
				CLANG_WARN_DOCUMENTATION_COMMENTS = YES;
				CLANG_WARN_EMPTY_BODY = YES;
				CLANG_WARN_ENUM_CONVERSION = YES;
				CLANG_WARN_INFINITE_RECURSION = YES;
				CLANG_WARN_INT_CONVERSION = YES;
				CLANG_WARN_NON_LITERAL_NULL_CONVERSION = YES;
				CLANG_WARN_OBJC_IMPLICIT_RETAIN_SELF = YES;
				CLANG_WARN_OBJC_LITERAL_CONVERSION = YES;
				CLANG_WARN_OBJC_ROOT_CLASS = YES_ERROR;
				CLANG_WARN_RANGE_LOOP_ANALYSIS = YES;
				CLANG_WARN_STRICT_PROTOTYPES = YES;
				CLANG_WARN_SUSPICIOUS_MOVE = YES;
				CLANG_WARN_UNGUARDED_AVAILABILITY = YES_AGGRESSIVE;
				CLANG_WARN_UNREACHABLE_CODE = YES;
				CLANG_WARN__DUPLICATE_METHOD_MATCH = YES;
				COPY_PHASE_STRIP = NO;
				CURRENT_PROJECT_VERSION = 1;
				DEBUG_INFORMATION_FORMAT = "dwarf-with-dsym";
				ENABLE_NS_ASSERTIONS = NO;
				ENABLE_STRICT_OBJC_MSGSEND = YES;
				GCC_C_LANGUAGE_STANDARD = gnu11;
				GCC_NO_COMMON_BLOCKS = YES;
				GCC_WARN_64_TO_32_BIT_CONVERSION = YES;
				GCC_WARN_ABOUT_RETURN_TYPE = YES_ERROR;
				GCC_WARN_UNDECLARED_SELECTOR = YES;
				GCC_WARN_UNINITIALIZED_AUTOS = YES_AGGRESSIVE;
				GCC_WARN_UNUSED_FUNCTION = YES;
				GCC_WARN_UNUSED_VARIABLE = YES;
				IPHONEOS_DEPLOYMENT_TARGET = 13.6;
				MTL_ENABLE_DEBUG_INFO = NO;
				MTL_FAST_MATH = YES;
				SDKROOT = iphoneos;
				SWIFT_COMPILATION_MODE = wholemodule;
				SWIFT_OPTIMIZATION_LEVEL = "-O";
				VALIDATE_PRODUCT = YES;
				VERSIONING_SYSTEM = "apple-generic";
				VERSION_INFO_PREFIX = "";
			};
			name = Release;
		};
		468B0EB224F8F2160039FDBB /* Debug */ = {
			isa = XCBuildConfiguration;
			buildSettings = {
				CLANG_ENABLE_MODULES = YES;
				CODE_SIGN_STYLE = Automatic;
				DEFINES_MODULE = YES;
				DYLIB_COMPATIBILITY_VERSION = 1;
				DYLIB_CURRENT_VERSION = 1;
				DYLIB_INSTALL_NAME_BASE = "@rpath";
				INFOPLIST_FILE = Disposable/Info.plist;
				INSTALL_PATH = "$(LOCAL_LIBRARY_DIR)/Frameworks";
				LD_RUNPATH_SEARCH_PATHS = (
					"$(inherited)",
					"@executable_path/Frameworks",
					"@loader_path/Frameworks",
				);
				PRODUCT_BUNDLE_IDENTIFIER = com.GodL..Disposable;
				PRODUCT_NAME = "$(TARGET_NAME:c99extidentifier)";
				SKIP_INSTALL = YES;
				SWIFT_OPTIMIZATION_LEVEL = "-Onone";
				SWIFT_VERSION = 5.0;
				TARGETED_DEVICE_FAMILY = "1,2";
			};
			name = Debug;
		};
		468B0EB324F8F2160039FDBB /* Release */ = {
			isa = XCBuildConfiguration;
			buildSettings = {
				CLANG_ENABLE_MODULES = YES;
				CODE_SIGN_STYLE = Automatic;
				DEFINES_MODULE = YES;
				DYLIB_COMPATIBILITY_VERSION = 1;
				DYLIB_CURRENT_VERSION = 1;
				DYLIB_INSTALL_NAME_BASE = "@rpath";
				INFOPLIST_FILE = Disposable/Info.plist;
				INSTALL_PATH = "$(LOCAL_LIBRARY_DIR)/Frameworks";
				LD_RUNPATH_SEARCH_PATHS = (
					"$(inherited)",
					"@executable_path/Frameworks",
					"@loader_path/Frameworks",
				);
				PRODUCT_BUNDLE_IDENTIFIER = com.GodL..Disposable;
				PRODUCT_NAME = "$(TARGET_NAME:c99extidentifier)";
				SKIP_INSTALL = YES;
				SWIFT_VERSION = 5.0;
				TARGETED_DEVICE_FAMILY = "1,2";
			};
			name = Release;
		};
/* End XCBuildConfiguration section */

/* Begin XCConfigurationList section */
		468B0EA324F8F2160039FDBB /* Build configuration list for PBXProject "Disposable" */ = {
			isa = XCConfigurationList;
			buildConfigurations = (
				468B0EAF24F8F2160039FDBB /* Debug */,
				468B0EB024F8F2160039FDBB /* Release */,
			);
			defaultConfigurationIsVisible = 0;
			defaultConfigurationName = Release;
		};
		468B0EB124F8F2160039FDBB /* Build configuration list for PBXNativeTarget "Disposable" */ = {
			isa = XCConfigurationList;
			buildConfigurations = (
				468B0EB224F8F2160039FDBB /* Debug */,
				468B0EB324F8F2160039FDBB /* Release */,
			);
			defaultConfigurationIsVisible = 0;
			defaultConfigurationName = Release;
		};
/* End XCConfigurationList section */
	};
	rootObject = 468B0EA024F8F2160039FDBB /* Project object */;
}
